// !$*UTF8*$!
{
	archiveVersion = 1;
	classes = {
	};
	objectVersion = 56;
	objects = {

/* Begin PBXBuildFile section */
		4C0AC557EE9CC2DBDCF48391 /* Pods_SpaceNews.framework in Frameworks */ = {isa = PBXBuildFile; fileRef = 2E84693039BC467AE8D04B86 /* Pods_SpaceNews.framework */; };
		89AB584D2A079E2F00321F22 /* AppDelegate.swift in Sources */ = {isa = PBXBuildFile; fileRef = 89AB584C2A079E2F00321F22 /* AppDelegate.swift */; };
		89AB584F2A079E2F00321F22 /* SceneDelegate.swift in Sources */ = {isa = PBXBuildFile; fileRef = 89AB584E2A079E2F00321F22 /* SceneDelegate.swift */; };
		89AB58512A079E2F00321F22 /* ViewController.swift in Sources */ = {isa = PBXBuildFile; fileRef = 89AB58502A079E2F00321F22 /* ViewController.swift */; };
		89AB58542A079E2F00321F22 /* Main.storyboard in Resources */ = {isa = PBXBuildFile; fileRef = 89AB58522A079E2F00321F22 /* Main.storyboard */; };
		89AB58562A079E3000321F22 /* Assets.xcassets in Resources */ = {isa = PBXBuildFile; fileRef = 89AB58552A079E3000321F22 /* Assets.xcassets */; };
		89AB58592A079E3000321F22 /* LaunchScreen.storyboard in Resources */ = {isa = PBXBuildFile; fileRef = 89AB58572A079E3000321F22 /* LaunchScreen.storyboard */; };
		89AB58642A07A1A000321F22 /* HomeTableViewController.swift in Sources */ = {isa = PBXBuildFile; fileRef = 89AB58632A07A1A000321F22 /* HomeTableViewController.swift */; };
		89AB58672A07A65900321F22 /* ApiServices.swift in Sources */ = {isa = PBXBuildFile; fileRef = 89AB58662A07A65900321F22 /* ApiServices.swift */; };
		89AB586A2A07A6AA00321F22 /* News.swift in Sources */ = {isa = PBXBuildFile; fileRef = 89AB58692A07A6AA00321F22 /* News.swift */; };
		89AB586C2A07A90C00321F22 /* NewsResponse.swift in Sources */ = {isa = PBXBuildFile; fileRef = 89AB586B2A07A90C00321F22 /* NewsResponse.swift */; };
		89AB586E2A07C23200321F22 /* NewsTableViewCell.swift in Sources */ = {isa = PBXBuildFile; fileRef = 89AB586D2A07C23200321F22 /* NewsTableViewCell.swift */; };
/* End PBXBuildFile section */

/* Begin PBXFileReference section */
		090C9CF5459BE047391E2D2D /* Pods-SpaceNews.release.xcconfig */ = {isa = PBXFileReference; includeInIndex = 1; lastKnownFileType = text.xcconfig; name = "Pods-SpaceNews.release.xcconfig"; path = "Target Support Files/Pods-SpaceNews/Pods-SpaceNews.release.xcconfig"; sourceTree = "<group>"; };
		2E84693039BC467AE8D04B86 /* Pods_SpaceNews.framework */ = {isa = PBXFileReference; explicitFileType = wrapper.framework; includeInIndex = 0; path = Pods_SpaceNews.framework; sourceTree = BUILT_PRODUCTS_DIR; };
		89AB58492A079E2F00321F22 /* SpaceNews.app */ = {isa = PBXFileReference; explicitFileType = wrapper.application; includeInIndex = 0; path = SpaceNews.app; sourceTree = BUILT_PRODUCTS_DIR; };
		89AB584C2A079E2F00321F22 /* AppDelegate.swift */ = {isa = PBXFileReference; lastKnownFileType = sourcecode.swift; path = AppDelegate.swift; sourceTree = "<group>"; };
		89AB584E2A079E2F00321F22 /* SceneDelegate.swift */ = {isa = PBXFileReference; lastKnownFileType = sourcecode.swift; path = SceneDelegate.swift; sourceTree = "<group>"; };
		89AB58502A079E2F00321F22 /* ViewController.swift */ = {isa = PBXFileReference; lastKnownFileType = sourcecode.swift; path = ViewController.swift; sourceTree = "<group>"; };
		89AB58532A079E2F00321F22 /* Base */ = {isa = PBXFileReference; lastKnownFileType = file.storyboard; name = Base; path = Base.lproj/Main.storyboard; sourceTree = "<group>"; };
		89AB58552A079E3000321F22 /* Assets.xcassets */ = {isa = PBXFileReference; lastKnownFileType = folder.assetcatalog; path = Assets.xcassets; sourceTree = "<group>"; };
		89AB58582A079E3000321F22 /* Base */ = {isa = PBXFileReference; lastKnownFileType = file.storyboard; name = Base; path = Base.lproj/LaunchScreen.storyboard; sourceTree = "<group>"; };
		89AB585A2A079E3000321F22 /* Info.plist */ = {isa = PBXFileReference; lastKnownFileType = text.plist.xml; path = Info.plist; sourceTree = "<group>"; };
		89AB58632A07A1A000321F22 /* HomeTableViewController.swift */ = {isa = PBXFileReference; lastKnownFileType = sourcecode.swift; path = HomeTableViewController.swift; sourceTree = "<group>"; };
		89AB58662A07A65900321F22 /* ApiServices.swift */ = {isa = PBXFileReference; lastKnownFileType = sourcecode.swift; path = ApiServices.swift; sourceTree = "<group>"; };
		89AB58692A07A6AA00321F22 /* News.swift */ = {isa = PBXFileReference; lastKnownFileType = sourcecode.swift; path = News.swift; sourceTree = "<group>"; };
		89AB586B2A07A90C00321F22 /* NewsResponse.swift */ = {isa = PBXFileReference; lastKnownFileType = sourcecode.swift; path = NewsResponse.swift; sourceTree = "<group>"; };
		89AB586D2A07C23200321F22 /* NewsTableViewCell.swift */ = {isa = PBXFileReference; lastKnownFileType = sourcecode.swift; path = NewsTableViewCell.swift; sourceTree = "<group>"; };
		A264183CF25D05D638D2FA67 /* Pods-SpaceNews.debug.xcconfig */ = {isa = PBXFileReference; includeInIndex = 1; lastKnownFileType = text.xcconfig; name = "Pods-SpaceNews.debug.xcconfig"; path = "Target Support Files/Pods-SpaceNews/Pods-SpaceNews.debug.xcconfig"; sourceTree = "<group>"; };
/* End PBXFileReference section */

/* Begin PBXFrameworksBuildPhase section */
		89AB58462A079E2F00321F22 /* Frameworks */ = {
			isa = PBXFrameworksBuildPhase;
			buildActionMask = 2147483647;
			files = (
				4C0AC557EE9CC2DBDCF48391 /* Pods_SpaceNews.framework in Frameworks */,
			);
			runOnlyForDeploymentPostprocessing = 0;
		};
/* End PBXFrameworksBuildPhase section */

/* Begin PBXGroup section */
		2E734B0DA945683694FCFDAF /* Pods */ = {
			isa = PBXGroup;
			children = (
				A264183CF25D05D638D2FA67 /* Pods-SpaceNews.debug.xcconfig */,
				090C9CF5459BE047391E2D2D /* Pods-SpaceNews.release.xcconfig */,
			);
			path = Pods;
			sourceTree = "<group>";
		};
		89AB58402A079E2F00321F22 = {
			isa = PBXGroup;
			children = (
				89AB584B2A079E2F00321F22 /* SpaceNews */,
				89AB584A2A079E2F00321F22 /* Products */,
				2E734B0DA945683694FCFDAF /* Pods */,
				EADAD4404FC2863C7A0BD99F /* Frameworks */,
			);
			sourceTree = "<group>";
		};
		89AB584A2A079E2F00321F22 /* Products */ = {
			isa = PBXGroup;
			children = (
				89AB58492A079E2F00321F22 /* SpaceNews.app */,
			);
			name = Products;
			sourceTree = "<group>";
		};
		89AB584B2A079E2F00321F22 /* SpaceNews */ = {
			isa = PBXGroup;
			children = (
				89AB58682A07A69B00321F22 /* Models */,
				89AB58652A07A64D00321F22 /* Services */,
				89AB58602A07A0CB00321F22 /* Home */,
				89AB584C2A079E2F00321F22 /* AppDelegate.swift */,
				89AB584E2A079E2F00321F22 /* SceneDelegate.swift */,
				89AB58502A079E2F00321F22 /* ViewController.swift */,
				89AB58522A079E2F00321F22 /* Main.storyboard */,
				89AB58552A079E3000321F22 /* Assets.xcassets */,
				89AB58572A079E3000321F22 /* LaunchScreen.storyboard */,
				89AB585A2A079E3000321F22 /* Info.plist */,
			);
			path = SpaceNews;
			sourceTree = "<group>";
		};
		89AB58602A07A0CB00321F22 /* Home */ = {
			isa = PBXGroup;
			children = (
				89AB58632A07A1A000321F22 /* HomeTableViewController.swift */,
				89AB586D2A07C23200321F22 /* NewsTableViewCell.swift */,
			);
			path = Home;
			sourceTree = "<group>";
		};
		89AB58652A07A64D00321F22 /* Services */ = {
			isa = PBXGroup;
			children = (
				89AB58662A07A65900321F22 /* ApiServices.swift */,
			);
			path = Services;
			sourceTree = "<group>";
		};
		89AB58682A07A69B00321F22 /* Models */ = {
			isa = PBXGroup;
			children = (
				89AB58692A07A6AA00321F22 /* News.swift */,
				89AB586B2A07A90C00321F22 /* NewsResponse.swift */,
			);
			path = Models;
			sourceTree = "<group>";
		};
		EADAD4404FC2863C7A0BD99F /* Frameworks */ = {
			isa = PBXGroup;
			children = (
				2E84693039BC467AE8D04B86 /* Pods_SpaceNews.framework */,
			);
			name = Frameworks;
			sourceTree = "<group>";
		};
/* End PBXGroup section */

/* Begin PBXNativeTarget section */
		89AB58482A079E2F00321F22 /* SpaceNews */ = {
			isa = PBXNativeTarget;
			buildConfigurationList = 89AB585D2A079E3000321F22 /* Build configuration list for PBXNativeTarget "SpaceNews" */;
			buildPhases = (
				D663D469B478D2E804D26722 /* [CP] Check Pods Manifest.lock */,
				89AB58452A079E2F00321F22 /* Sources */,
				89AB58462A079E2F00321F22 /* Frameworks */,
				89AB58472A079E2F00321F22 /* Resources */,
				8D3DB0DBF72D6CAE713E2359 /* [CP] Embed Pods Frameworks */,
			);
			buildRules = (
			);
			dependencies = (
			);
			name = SpaceNews;
			productName = SpaceNews;
			productReference = 89AB58492A079E2F00321F22 /* SpaceNews.app */;
			productType = "com.apple.product-type.application";
		};
/* End PBXNativeTarget section */

/* Begin PBXProject section */
		89AB58412A079E2F00321F22 /* Project object */ = {
			isa = PBXProject;
			attributes = {
				BuildIndependentTargetsInParallel = 1;
				LastSwiftUpdateCheck = 1430;
				LastUpgradeCheck = 1430;
				TargetAttributes = {
					89AB58482A079E2F00321F22 = {
						CreatedOnToolsVersion = 14.3;
					};
				};
			};
			buildConfigurationList = 89AB58442A079E2F00321F22 /* Build configuration list for PBXProject "SpaceNews" */;
			compatibilityVersion = "Xcode 14.0";
			developmentRegion = en;
			hasScannedForEncodings = 0;
			knownRegions = (
				en,
				Base,
			);
			mainGroup = 89AB58402A079E2F00321F22;
			productRefGroup = 89AB584A2A079E2F00321F22 /* Products */;
			projectDirPath = "";
			projectRoot = "";
			targets = (
				89AB58482A079E2F00321F22 /* SpaceNews */,
			);
		};
/* End PBXProject section */

/* Begin PBXResourcesBuildPhase section */
		89AB58472A079E2F00321F22 /* Resources */ = {
			isa = PBXResourcesBuildPhase;
			buildActionMask = 2147483647;
			files = (
				89AB58592A079E3000321F22 /* LaunchScreen.storyboard in Resources */,
				89AB58562A079E3000321F22 /* Assets.xcassets in Resources */,
				89AB58542A079E2F00321F22 /* Main.storyboard in Resources */,
			);
			runOnlyForDeploymentPostprocessing = 0;
		};
/* End PBXResourcesBuildPhase section */

/* Begin PBXShellScriptBuildPhase section */
		8D3DB0DBF72D6CAE713E2359 /* [CP] Embed Pods Frameworks */ = {
			isa = PBXShellScriptBuildPhase;
			buildActionMask = 2147483647;
			files = (
			);
			inputFileListPaths = (
				"${PODS_ROOT}/Target Support Files/Pods-SpaceNews/Pods-SpaceNews-frameworks-${CONFIGURATION}-input-files.xcfilelist",
			);
			name = "[CP] Embed Pods Frameworks";
			outputFileListPaths = (
				"${PODS_ROOT}/Target Support Files/Pods-SpaceNews/Pods-SpaceNews-frameworks-${CONFIGURATION}-output-files.xcfilelist",
			);
			runOnlyForDeploymentPostprocessing = 0;
			shellPath = /bin/sh;
			shellScript = "\"${PODS_ROOT}/Target Support Files/Pods-SpaceNews/Pods-SpaceNews-frameworks.sh\"\n";
			showEnvVarsInLog = 0;
		};
		D663D469B478D2E804D26722 /* [CP] Check Pods Manifest.lock */ = {
			isa = PBXShellScriptBuildPhase;
			buildActionMask = 2147483647;
			files = (
			);
			inputFileListPaths = (
			);
			inputPaths = (
				"${PODS_PODFILE_DIR_PATH}/Podfile.lock",
				"${PODS_ROOT}/Manifest.lock",
			);
			name = "[CP] Check Pods Manifest.lock";
			outputFileListPaths = (
			);
			outputPaths = (
				"$(DERIVED_FILE_DIR)/Pods-SpaceNews-checkManifestLockResult.txt",
			);
			runOnlyForDeploymentPostprocessing = 0;
			shellPath = /bin/sh;
			shellScript = "diff \"${PODS_PODFILE_DIR_PATH}/Podfile.lock\" \"${PODS_ROOT}/Manifest.lock\" > /dev/null\nif [ $? != 0 ] ; then\n    # print error to STDERR\n    echo \"error: The sandbox is not in sync with the Podfile.lock. Run 'pod install' or update your CocoaPods installation.\" >&2\n    exit 1\nfi\n# This output is used by Xcode 'outputs' to avoid re-running this script phase.\necho \"SUCCESS\" > \"${SCRIPT_OUTPUT_FILE_0}\"\n";
			showEnvVarsInLog = 0;
		};
/* End PBXShellScriptBuildPhase section */

/* Begin PBXSourcesBuildPhase section */
		89AB58452A079E2F00321F22 /* Sources */ = {
			isa = PBXSourcesBuildPhase;
			buildActionMask = 2147483647;
			files = (
				89AB586C2A07A90C00321F22 /* NewsResponse.swift in Sources */,
				89AB586A2A07A6AA00321F22 /* News.swift in Sources */,
				89AB586E2A07C23200321F22 /* NewsTableViewCell.swift in Sources */,
				89AB58512A079E2F00321F22 /* ViewController.swift in Sources */,
				89AB584D2A079E2F00321F22 /* AppDelegate.swift in Sources */,
				89AB584F2A079E2F00321F22 /* SceneDelegate.swift in Sources */,
				89AB58642A07A1A000321F22 /* HomeTableViewController.swift in Sources */,
				89AB58672A07A65900321F22 /* ApiServices.swift in Sources */,
			);
			runOnlyForDeploymentPostprocessing = 0;
		};
/* End PBXSourcesBuildPhase section */

/* Begin PBXVariantGroup section */
		89AB58522A079E2F00321F22 /* Main.storyboard */ = {
			isa = PBXVariantGroup;
			children = (
				89AB58532A079E2F00321F22 /* Base */,
			);
			name = Main.storyboard;
			sourceTree = "<group>";
		};
		89AB58572A079E3000321F22 /* LaunchScreen.storyboard */ = {
			isa = PBXVariantGroup;
			children = (
				89AB58582A079E3000321F22 /* Base */,
			);
			name = LaunchScreen.storyboard;
			sourceTree = "<group>";
		};
/* End PBXVariantGroup section */

/* Begin XCBuildConfiguration section */
		89AB585B2A079E3000321F22 /* Debug */ = {
			isa = XCBuildConfiguration;
			buildSettings = {
				ALWAYS_SEARCH_USER_PATHS = NO;
				CLANG_ANALYZER_NONNULL = YES;
				CLANG_ANALYZER_NUMBER_OBJECT_CONVERSION = YES_AGGRESSIVE;
				CLANG_CXX_LANGUAGE_STANDARD = "gnu++20";
				CLANG_ENABLE_MODULES = YES;
				CLANG_ENABLE_OBJC_ARC = YES;
				CLANG_ENABLE_OBJC_WEAK = YES;
				CLANG_WARN_BLOCK_CAPTURE_AUTORELEASING = YES;
				CLANG_WARN_BOOL_CONVERSION = YES;
				CLANG_WARN_COMMA = YES;
				CLANG_WARN_CONSTANT_CONVERSION = YES;
				CLANG_WARN_DEPRECATED_OBJC_IMPLEMENTATIONS = YES;
				CLANG_WARN_DIRECT_OBJC_ISA_USAGE = YES_ERROR;
				CLANG_WARN_DOCUMENTATION_COMMENTS = YES;
				CLANG_WARN_EMPTY_BODY = YES;
				CLANG_WARN_ENUM_CONVERSION = YES;
				CLANG_WARN_INFINITE_RECURSION = YES;
				CLANG_WARN_INT_CONVERSION = YES;
				CLANG_WARN_NON_LITERAL_NULL_CONVERSION = YES;
				CLANG_WARN_OBJC_IMPLICIT_RETAIN_SELF = YES;
				CLANG_WARN_OBJC_LITERAL_CONVERSION = YES;
				CLANG_WARN_OBJC_ROOT_CLASS = YES_ERROR;
				CLANG_WARN_QUOTED_INCLUDE_IN_FRAMEWORK_HEADER = YES;
				CLANG_WARN_RANGE_LOOP_ANALYSIS = YES;
				CLANG_WARN_STRICT_PROTOTYPES = YES;
				CLANG_WARN_SUSPICIOUS_MOVE = YES;
				CLANG_WARN_UNGUARDED_AVAILABILITY = YES_AGGRESSIVE;
				CLANG_WARN_UNREACHABLE_CODE = YES;
				CLANG_WARN__DUPLICATE_METHOD_MATCH = YES;
				COPY_PHASE_STRIP = NO;
				DEBUG_INFORMATION_FORMAT = dwarf;
				ENABLE_STRICT_OBJC_MSGSEND = YES;
				ENABLE_TESTABILITY = YES;
				GCC_C_LANGUAGE_STANDARD = gnu11;
				GCC_DYNAMIC_NO_PIC = NO;
				GCC_NO_COMMON_BLOCKS = YES;
				GCC_OPTIMIZATION_LEVEL = 0;
				GCC_PREPROCESSOR_DEFINITIONS = (
					"DEBUG=1",
					"$(inherited)",
				);
				GCC_WARN_64_TO_32_BIT_CONVERSION = YES;
				GCC_WARN_ABOUT_RETURN_TYPE = YES_ERROR;
				GCC_WARN_UNDECLARED_SELECTOR = YES;
				GCC_WARN_UNINITIALIZED_AUTOS = YES_AGGRESSIVE;
				GCC_WARN_UNUSED_FUNCTION = YES;
				GCC_WARN_UNUSED_VARIABLE = YES;
				IPHONEOS_DEPLOYMENT_TARGET = 13.0;
				MTL_ENABLE_DEBUG_INFO = INCLUDE_SOURCE;
				MTL_FAST_MATH = YES;
				ONLY_ACTIVE_ARCH = YES;
				SDKROOT = iphoneos;
				SWIFT_ACTIVE_COMPILATION_CONDITIONS = DEBUG;
				SWIFT_OPTIMIZATION_LEVEL = "-Onone";
			};
			name = Debug;
		};
		89AB585C2A079E3000321F22 /* Release */ = {
			isa = XCBuildConfiguration;
			buildSettings = {
				ALWAYS_SEARCH_USER_PATHS = NO;
				CLANG_ANALYZER_NONNULL = YES;
				CLANG_ANALYZER_NUMBER_OBJECT_CONVERSION = YES_AGGRESSIVE;
				CLANG_CXX_LANGUAGE_STANDARD = "gnu++20";
				CLANG_ENABLE_MODULES = YES;
				CLANG_ENABLE_OBJC_ARC = YES;
				CLANG_ENABLE_OBJC_WEAK = YES;
				CLANG_WARN_BLOCK_CAPTURE_AUTORELEASING = YES;
				CLANG_WARN_BOOL_CONVERSION = YES;
				CLANG_WARN_COMMA = YES;
				CLANG_WARN_CONSTANT_CONVERSION = YES;
				CLANG_WARN_DEPRECATED_OBJC_IMPLEMENTATIONS = YES;
				CLANG_WARN_DIRECT_OBJC_ISA_USAGE = YES_ERROR;
				CLANG_WARN_DOCUMENTATION_COMMENTS = YES;
				CLANG_WARN_EMPTY_BODY = YES;
				CLANG_WARN_ENUM_CONVERSION = YES;
				CLANG_WARN_INFINITE_RECURSION = YES;
				CLANG_WARN_INT_CONVERSION = YES;
				CLANG_WARN_NON_LITERAL_NULL_CONVERSION = YES;
				CLANG_WARN_OBJC_IMPLICIT_RETAIN_SELF = YES;
				CLANG_WARN_OBJC_LITERAL_CONVERSION = YES;
				CLANG_WARN_OBJC_ROOT_CLASS = YES_ERROR;
				CLANG_WARN_QUOTED_INCLUDE_IN_FRAMEWORK_HEADER = YES;
				CLANG_WARN_RANGE_LOOP_ANALYSIS = YES;
				CLANG_WARN_STRICT_PROTOTYPES = YES;
				CLANG_WARN_SUSPICIOUS_MOVE = YES;
				CLANG_WARN_UNGUARDED_AVAILABILITY = YES_AGGRESSIVE;
				CLANG_WARN_UNREACHABLE_CODE = YES;
				CLANG_WARN__DUPLICATE_METHOD_MATCH = YES;
				COPY_PHASE_STRIP = NO;
				DEBUG_INFORMATION_FORMAT = "dwarf-with-dsym";
				ENABLE_NS_ASSERTIONS = NO;
				ENABLE_STRICT_OBJC_MSGSEND = YES;
				GCC_C_LANGUAGE_STANDARD = gnu11;
				GCC_NO_COMMON_BLOCKS = YES;
				GCC_WARN_64_TO_32_BIT_CONVERSION = YES;
				GCC_WARN_ABOUT_RETURN_TYPE = YES_ERROR;
				GCC_WARN_UNDECLARED_SELECTOR = YES;
				GCC_WARN_UNINITIALIZED_AUTOS = YES_AGGRESSIVE;
				GCC_WARN_UNUSED_FUNCTION = YES;
				GCC_WARN_UNUSED_VARIABLE = YES;
				IPHONEOS_DEPLOYMENT_TARGET = 13.0;
				MTL_ENABLE_DEBUG_INFO = NO;
				MTL_FAST_MATH = YES;
				SDKROOT = iphoneos;
				SWIFT_COMPILATION_MODE = wholemodule;
				SWIFT_OPTIMIZATION_LEVEL = "-O";
				VALIDATE_PRODUCT = YES;
			};
			name = Release;
		};
		89AB585E2A079E3000321F22 /* Debug */ = {
			isa = XCBuildConfiguration;
			baseConfigurationReference = A264183CF25D05D638D2FA67 /* Pods-SpaceNews.debug.xcconfig */;
			buildSettings = {
				ASSETCATALOG_COMPILER_APPICON_NAME = AppIcon;
				ASSETCATALOG_COMPILER_GLOBAL_ACCENT_COLOR_NAME = AccentColor;
				CODE_SIGN_STYLE = Automatic;
				CURRENT_PROJECT_VERSION = 1;
				DEVELOPMENT_TEAM = 548G9738L7;
				GENERATE_INFOPLIST_FILE = YES;
				INFOPLIST_FILE = SpaceNews/Info.plist;
				INFOPLIST_KEY_UIApplicationSupportsIndirectInputEvents = YES;
				INFOPLIST_KEY_UILaunchStoryboardName = LaunchScreen;
				INFOPLIST_KEY_UIMainStoryboardFile = Main;
				INFOPLIST_KEY_UISupportedInterfaceOrientations_iPad = "UIInterfaceOrientationPortrait UIInterfaceOrientationPortraitUpsideDown UIInterfaceOrientationLandscapeLeft UIInterfaceOrientationLandscapeRight";
				INFOPLIST_KEY_UISupportedInterfaceOrientations_iPhone = "UIInterfaceOrientationPortrait UIInterfaceOrientationLandscapeLeft UIInterfaceOrientationLandscapeRight";
				IPHONEOS_DEPLOYMENT_TARGET = 13.0;
				LD_RUNPATH_SEARCH_PATHS = (
					"$(inherited)",
					"@executable_path/Frameworks",
				);
				MARKETING_VERSION = 1.0;
				PRODUCT_BUNDLE_IDENTIFIER = com.billgufran.SpaceNews;
				PRODUCT_NAME = "$(TARGET_NAME)";
				SWIFT_EMIT_LOC_STRINGS = YES;
				SWIFT_VERSION = 5.0;
				TARGETED_DEVICE_FAMILY = "1,2";
			};
			name = Debug;
		};
		89AB585F2A079E3000321F22 /* Release */ = {
			isa = XCBuildConfiguration;
			baseConfigurationReference = 090C9CF5459BE047391E2D2D /* Pods-SpaceNews.release.xcconfig */;
			buildSettings = {
				ASSETCATALOG_COMPILER_APPICON_NAME = AppIcon;
				ASSETCATALOG_COMPILER_GLOBAL_ACCENT_COLOR_NAME = AccentColor;
				CODE_SIGN_STYLE = Automatic;
				CURRENT_PROJECT_VERSION = 1;
				DEVELOPMENT_TEAM = 548G9738L7;
				GENERATE_INFOPLIST_FILE = YES;
				INFOPLIST_FILE = SpaceNews/Info.plist;
				INFOPLIST_KEY_UIApplicationSupportsIndirectInputEvents = YES;
				INFOPLIST_KEY_UILaunchStoryboardName = LaunchScreen;
				INFOPLIST_KEY_UIMainStoryboardFile = Main;
				INFOPLIST_KEY_UISupportedInterfaceOrientations_iPad = "UIInterfaceOrientationPortrait UIInterfaceOrientationPortraitUpsideDown UIInterfaceOrientationLandscapeLeft UIInterfaceOrientationLandscapeRight";
				INFOPLIST_KEY_UISupportedInterfaceOrientations_iPhone = "UIInterfaceOrientationPortrait UIInterfaceOrientationLandscapeLeft UIInterfaceOrientationLandscapeRight";
				IPHONEOS_DEPLOYMENT_TARGET = 13.0;
				LD_RUNPATH_SEARCH_PATHS = (
					"$(inherited)",
					"@executable_path/Frameworks",
				);
				MARKETING_VERSION = 1.0;
				PRODUCT_BUNDLE_IDENTIFIER = com.billgufran.SpaceNews;
				PRODUCT_NAME = "$(TARGET_NAME)";
				SWIFT_EMIT_LOC_STRINGS = YES;
				SWIFT_VERSION = 5.0;
				TARGETED_DEVICE_FAMILY = "1,2";
			};
			name = Release;
		};
/* End XCBuildConfiguration section */

/* Begin XCConfigurationList section */
		89AB58442A079E2F00321F22 /* Build configuration list for PBXProject "SpaceNews" */ = {
			isa = XCConfigurationList;
			buildConfigurations = (
				89AB585B2A079E3000321F22 /* Debug */,
				89AB585C2A079E3000321F22 /* Release */,
			);
			defaultConfigurationIsVisible = 0;
			defaultConfigurationName = Release;
		};
		89AB585D2A079E3000321F22 /* Build configuration list for PBXNativeTarget "SpaceNews" */ = {
			isa = XCConfigurationList;
			buildConfigurations = (
				89AB585E2A079E3000321F22 /* Debug */,
				89AB585F2A079E3000321F22 /* Release */,
			);
			defaultConfigurationIsVisible = 0;
			defaultConfigurationName = Release;
		};
/* End XCConfigurationList section */
	};
	rootObject = 89AB58412A079E2F00321F22 /* Project object */;
}
